
Microsoft Visual Studio Solution File, Format Version 12.00
# Visual Studio Version 17
VisualStudioVersion = 17.13.35919.96
MinimumVisualStudioVersion = 10.0.40219.1
Project("{FAE04EC0-301F-11D3-BF4B-00C04F79EFBC}") = "habilitations2024", "habilitations2024\habilitations2024.csproj", "{53D5E2E4-9981-4F26-B42C-39C790707795}"
EndProject
Project("{54435603-DBB4-11D2-8724-00A0C9A8B90C}") = "Habilitations2024Installeur", "Habilitations2024Installeur\Habilitations2024Installeur.vdproj", "{0FAE4775-6572-A868-1FEC-1CF58226FA97}"
EndProject
Project("{FAE04EC0-301F-11D3-BF4B-00C04F79EFBC}") = "habilitations2024Tests", "habilitations2024Tests\habilitations2024Tests.csproj", "{0359FE2D-F224-4879-9FE8-16659CE44B92}"
EndProject
Global
	GlobalSection(SolutionConfigurationPlatforms) = preSolution
		Debug|Any CPU = Debug|Any CPU
		Release|Any CPU = Release|Any CPU
	EndGlobalSection
	GlobalSection(ProjectConfigurationPlatforms) = postSolution
		{53D5E2E4-9981-4F26-B42C-39C790707795}.Debug|Any CPU.ActiveCfg = Debug|Any CPU
		{53D5E2E4-9981-4F26-B42C-39C790707795}.Debug|Any CPU.Build.0 = Debug|Any CPU
		{53D5E2E4-9981-4F26-B42C-39C790707795}.Release|Any CPU.ActiveCfg = Release|Any CPU
		{53D5E2E4-9981-4F26-B42C-39C790707795}.Release|Any CPU.Build.0 = Release|Any CPU
		{0FAE4775-6572-A868-1FEC-1CF58226FA97}.Debug|Any CPU.ActiveCfg = Debug
		{0FAE4775-6572-A868-1FEC-1CF58226FA97}.Debug|Any CPU.Build.0 = Debug
		{0FAE4775-6572-A868-1FEC-1CF58226FA97}.Release|Any CPU.ActiveCfg = Release
		{0FAE4775-6572-A868-1FEC-1CF58226FA97}.Release|Any CPU.Build.0 = Release
		{0359FE2D-F224-4879-9FE8-16659CE44B92}.Debug|Any CPU.ActiveCfg = Debug|Any CPU
		{0359FE2D-F224-4879-9FE8-16659CE44B92}.Debug|Any CPU.Build.0 = Debug|Any CPU
		{0359FE2D-F224-4879-9FE8-16659CE44B92}.Release|Any CPU.ActiveCfg = Release|Any CPU
		{0359FE2D-F224-4879-9FE8-16659CE44B92}.Release|Any CPU.Build.0 = Release|Any CPU
	EndGlobalSection
	GlobalSection(SolutionProperties) = preSolution
		HideSolutionNode = FALSE
	EndGlobalSection
	GlobalSection(ExtensibilityGlobals) = postSolution
		SolutionGuid = {EE0BF235-C1BE-4D76-B4F2-361E842C9602}
	EndGlobalSection
EndGlobal
